
Microsoft Visual Studio Solution File, Format Version 12.00
# Visual Studio Version 17
VisualStudioVersion = 17.7.34024.191
MinimumVisualStudioVersion = 10.0.40219.1
Project("{9A19103F-16F7-4668-BE54-9A1E7A4F7556}") = "Lab7", "Lab7\Lab7.csproj", "{BAB754AC-1270-42FA-84C6-27E961544CCE}"
EndProject
Project("{FAE04EC0-301F-11D3-BF4B-00C04F79EFBC}") = "Calculator", "Calculator\Calculator.csproj", "{BFC6C5B8-4DBE-44F5-AC55-CBA77658E1BA}"
EndProject
Global
	GlobalSection(SolutionConfigurationPlatforms) = preSolution
		Debug|Any CPU = Debug|Any CPU
		Release|Any CPU = Release|Any CPU
	EndGlobalSection
	GlobalSection(ProjectConfigurationPlatforms) = postSolution
		{BAB754AC-1270-42FA-84C6-27E961544CCE}.Debug|Any CPU.ActiveCfg = Debug|Any CPU
		{BAB754AC-1270-42FA-84C6-27E961544CCE}.Debug|Any CPU.Build.0 = Debug|Any CPU
		{BAB754AC-1270-42FA-84C6-27E961544CCE}.Release|Any CPU.ActiveCfg = Release|Any CPU
		{BAB754AC-1270-42FA-84C6-27E961544CCE}.Release|Any CPU.Build.0 = Release|Any CPU
		{BFC6C5B8-4DBE-44F5-AC55-CBA77658E1BA}.Debug|Any CPU.ActiveCfg = Debug|Any CPU
		{BFC6C5B8-4DBE-44F5-AC55-CBA77658E1BA}.Debug|Any CPU.Build.0 = Debug|Any CPU
		{BFC6C5B8-4DBE-44F5-AC55-CBA77658E1BA}.Release|Any CPU.ActiveCfg = Release|Any CPU
		{BFC6C5B8-4DBE-44F5-AC55-CBA77658E1BA}.Release|Any CPU.Build.0 = Release|Any CPU
	EndGlobalSection
	GlobalSection(SolutionProperties) = preSolution
		HideSolutionNode = FALSE
	EndGlobalSection
	GlobalSection(ExtensibilityGlobals) = postSolution
		SolutionGuid = {E1049379-B9F8-4566-B006-78B59D631BE3}
	EndGlobalSection
EndGlobal
